// !$*UTF8*$!
{
	archiveVersion = 1;
	classes = {
	};
	objectVersion = 56;
	objects = {

/* Begin PBXBuildFile section */
		8BA60FB32ADADDBE006056C1 /* XCAWAStickerMakerApp.swift in Sources */ = {isa = PBXBuildFile; fileRef = 8BA60FB22ADADDBE006056C1 /* XCAWAStickerMakerApp.swift */; };
		8BA60FB52ADADDBE006056C1 /* ContentView.swift in Sources */ = {isa = PBXBuildFile; fileRef = 8BA60FB42ADADDBE006056C1 /* ContentView.swift */; };
		8BA60FB72ADADDBF006056C1 /* Assets.xcassets in Resources */ = {isa = PBXBuildFile; fileRef = 8BA60FB62ADADDBF006056C1 /* Assets.xcassets */; };
		8BA60FBA2ADADDBF006056C1 /* Preview Assets.xcassets in Resources */ = {isa = PBXBuildFile; fileRef = 8BA60FB92ADADDBF006056C1 /* Preview Assets.xcassets */; };
		8BA60FC72ADADFBF006056C1 /* ImageContainerView.swift in Sources */ = {isa = PBXBuildFile; fileRef = 8BA60FC62ADADFBF006056C1 /* ImageContainerView.swift */; };
		8BA60FC92ADAE26B006056C1 /* ImagePicker.swift in Sources */ = {isa = PBXBuildFile; fileRef = 8BA60FC82ADAE26B006056C1 /* ImagePicker.swift */; };
		8BA60FCB2ADAE466006056C1 /* ImageVisionHelper.swift in Sources */ = {isa = PBXBuildFile; fileRef = 8BA60FCA2ADAE466006056C1 /* ImageVisionHelper.swift */; };
		8BA60FCD2ADAEACB006056C1 /* ViewModel.swift in Sources */ = {isa = PBXBuildFile; fileRef = 8BA60FCC2ADAEACB006056C1 /* ViewModel.swift */; };
		8BA60FCF2ADAEBEC006056C1 /* Models.swift in Sources */ = {isa = PBXBuildFile; fileRef = 8BA60FCE2ADAEBEC006056C1 /* Models.swift */; };
		8BA60FD52ADAF2A4006056C1 /* SwiftWebP in Frameworks */ = {isa = PBXBuildFile; productRef = 8BA60FD42ADAF2A4006056C1 /* SwiftWebP */; };
		8BA60FD72ADAF2A4006056C1 /* YYImageLib in Frameworks */ = {isa = PBXBuildFile; productRef = 8BA60FD62ADAF2A4006056C1 /* YYImageLib */; };
		8BA60FD92ADAF57C006056C1 /* UIImage+Extension.swift in Sources */ = {isa = PBXBuildFile; fileRef = 8BA60FD82ADAF57C006056C1 /* UIImage+Extension.swift */; };
		8BB210882AFBE9330096484F /* XCAOpenAIClient in Frameworks */ = {isa = PBXBuildFile; productRef = 8BB210872AFBE9330096484F /* XCAOpenAIClient */; };
/* End PBXBuildFile section */

/* Begin PBXFileReference section */
		8BA60FAF2ADADDBE006056C1 /* XCAWAStickerMaker.app */ = {isa = PBXFileReference; explicitFileType = wrapper.application; includeInIndex = 0; path = XCAWAStickerMaker.app; sourceTree = BUILT_PRODUCTS_DIR; };
		8BA60FB22ADADDBE006056C1 /* XCAWAStickerMakerApp.swift */ = {isa = PBXFileReference; lastKnownFileType = sourcecode.swift; path = XCAWAStickerMakerApp.swift; sourceTree = "<group>"; };
		8BA60FB42ADADDBE006056C1 /* ContentView.swift */ = {isa = PBXFileReference; lastKnownFileType = sourcecode.swift; path = ContentView.swift; sourceTree = "<group>"; };
		8BA60FB62ADADDBF006056C1 /* Assets.xcassets */ = {isa = PBXFileReference; lastKnownFileType = folder.assetcatalog; path = Assets.xcassets; sourceTree = "<group>"; };
		8BA60FB92ADADDBF006056C1 /* Preview Assets.xcassets */ = {isa = PBXFileReference; lastKnownFileType = folder.assetcatalog; path = "Preview Assets.xcassets"; sourceTree = "<group>"; };
		8BA60FC02ADADE03006056C1 /* Info.plist */ = {isa = PBXFileReference; lastKnownFileType = text.plist; path = Info.plist; sourceTree = "<group>"; };
		8BA60FC12ADADE3A006056C1 /* XCAWAStickerMaker.entitlements */ = {isa = PBXFileReference; lastKnownFileType = text.plist.entitlements; path = XCAWAStickerMaker.entitlements; sourceTree = "<group>"; };
		8BA60FC62ADADFBF006056C1 /* ImageContainerView.swift */ = {isa = PBXFileReference; lastKnownFileType = sourcecode.swift; path = ImageContainerView.swift; sourceTree = "<group>"; };
		8BA60FC82ADAE26B006056C1 /* ImagePicker.swift */ = {isa = PBXFileReference; lastKnownFileType = sourcecode.swift; path = ImagePicker.swift; sourceTree = "<group>"; };
		8BA60FCA2ADAE466006056C1 /* ImageVisionHelper.swift */ = {isa = PBXFileReference; lastKnownFileType = sourcecode.swift; path = ImageVisionHelper.swift; sourceTree = "<group>"; };
		8BA60FCC2ADAEACB006056C1 /* ViewModel.swift */ = {isa = PBXFileReference; lastKnownFileType = sourcecode.swift; path = ViewModel.swift; sourceTree = "<group>"; };
		8BA60FCE2ADAEBEC006056C1 /* Models.swift */ = {isa = PBXFileReference; lastKnownFileType = sourcecode.swift; path = Models.swift; sourceTree = "<group>"; };
		8BA60FD82ADAF57C006056C1 /* UIImage+Extension.swift */ = {isa = PBXFileReference; lastKnownFileType = sourcecode.swift; path = "UIImage+Extension.swift"; sourceTree = "<group>"; };
/* End PBXFileReference section */

/* Begin PBXFrameworksBuildPhase section */
		8BA60FAC2ADADDBE006056C1 /* Frameworks */ = {
			isa = PBXFrameworksBuildPhase;
			buildActionMask = 2147483647;
			files = (
				8BB210882AFBE9330096484F /* XCAOpenAIClient in Frameworks */,
				8BA60FD72ADAF2A4006056C1 /* YYImageLib in Frameworks */,
				8BA60FD52ADAF2A4006056C1 /* SwiftWebP in Frameworks */,
			);
			runOnlyForDeploymentPostprocessing = 0;
		};
/* End PBXFrameworksBuildPhase section */

/* Begin PBXGroup section */
		8B48207D2ADB8C4E00AB735E /* Views */ = {
			isa = PBXGroup;
			children = (
				8BA60FB42ADADDBE006056C1 /* ContentView.swift */,
				8BA60FC62ADADFBF006056C1 /* ImageContainerView.swift */,
				8BA60FC82ADAE26B006056C1 /* ImagePicker.swift */,
			);
			path = Views;
			sourceTree = "<group>";
		};
		8B48207E2ADB8C6100AB735E /* Helper */ = {
			isa = PBXGroup;
			children = (
				8BA60FCA2ADAE466006056C1 /* ImageVisionHelper.swift */,
				8BA60FD82ADAF57C006056C1 /* UIImage+Extension.swift */,
			);
			path = Helper;
			sourceTree = "<group>";
		};
		8B48207F2ADB8C6700AB735E /* View Models */ = {
			isa = PBXGroup;
			children = (
				8BA60FCC2ADAEACB006056C1 /* ViewModel.swift */,
			);
			path = "View Models";
			sourceTree = "<group>";
		};
		8BA60FA62ADADDBE006056C1 = {
			isa = PBXGroup;
			children = (
				8BA60FB12ADADDBE006056C1 /* XCAWAStickerMaker */,
				8BA60FB02ADADDBE006056C1 /* Products */,
			);
			sourceTree = "<group>";
		};
		8BA60FB02ADADDBE006056C1 /* Products */ = {
			isa = PBXGroup;
			children = (
				8BA60FAF2ADADDBE006056C1 /* XCAWAStickerMaker.app */,
			);
			name = Products;
			sourceTree = "<group>";
		};
		8BA60FB12ADADDBE006056C1 /* XCAWAStickerMaker */ = {
			isa = PBXGroup;
			children = (
				8BA60FB22ADADDBE006056C1 /* XCAWAStickerMakerApp.swift */,
				8BA60FCE2ADAEBEC006056C1 /* Models.swift */,
				8B48207F2ADB8C6700AB735E /* View Models */,
				8B48207D2ADB8C4E00AB735E /* Views */,
				8B48207E2ADB8C6100AB735E /* Helper */,
				8BA60FB62ADADDBF006056C1 /* Assets.xcassets */,
				8BA60FC02ADADE03006056C1 /* Info.plist */,
				8BA60FC12ADADE3A006056C1 /* XCAWAStickerMaker.entitlements */,
				8BA60FB82ADADDBF006056C1 /* Preview Content */,
			);
			path = XCAWAStickerMaker;
			sourceTree = "<group>";
		};
		8BA60FB82ADADDBF006056C1 /* Preview Content */ = {
			isa = PBXGroup;
			children = (
				8BA60FB92ADADDBF006056C1 /* Preview Assets.xcassets */,
			);
			path = "Preview Content";
			sourceTree = "<group>";
		};
/* End PBXGroup section */

/* Begin PBXNativeTarget section */
		8BA60FAE2ADADDBE006056C1 /* XCAWAStickerMaker */ = {
			isa = PBXNativeTarget;
			buildConfigurationList = 8BA60FBD2ADADDBF006056C1 /* Build configuration list for PBXNativeTarget "XCAWAStickerMaker" */;
			buildPhases = (
				8BA60FAB2ADADDBE006056C1 /* Sources */,
				8BA60FAC2ADADDBE006056C1 /* Frameworks */,
				8BA60FAD2ADADDBE006056C1 /* Resources */,
			);
			buildRules = (
			);
			dependencies = (
			);
			name = XCAWAStickerMaker;
			packageProductDependencies = (
				8BA60FD42ADAF2A4006056C1 /* SwiftWebP */,
				8BA60FD62ADAF2A4006056C1 /* YYImageLib */,
				8BB210872AFBE9330096484F /* XCAOpenAIClient */,
			);
			productName = XCAWAStickerMaker;
			productReference = 8BA60FAF2ADADDBE006056C1 /* XCAWAStickerMaker.app */;
			productType = "com.apple.product-type.application";
		};
/* End PBXNativeTarget section */

/* Begin PBXProject section */
		8BA60FA72ADADDBE006056C1 /* Project object */ = {
			isa = PBXProject;
			attributes = {
				BuildIndependentTargetsInParallel = 1;
				LastSwiftUpdateCheck = 1500;
				LastUpgradeCheck = 1500;
				TargetAttributes = {
					8BA60FAE2ADADDBE006056C1 = {
						CreatedOnToolsVersion = 15.0;
					};
				};
			};
			buildConfigurationList = 8BA60FAA2ADADDBE006056C1 /* Build configuration list for PBXProject "XCAWAStickerMaker" */;
			compatibilityVersion = "Xcode 14.0";
			developmentRegion = en;
			hasScannedForEncodings = 0;
			knownRegions = (
				en,
				Base,
			);
			mainGroup = 8BA60FA62ADADDBE006056C1;
			packageReferences = (
				8BA60FD32ADAF2A4006056C1 /* XCRemoteSwiftPackageReference "SwiftWebP" */,
				8BB210862AFBE9330096484F /* XCRemoteSwiftPackageReference "XCAOpenAIClient" */,
			);
			productRefGroup = 8BA60FB02ADADDBE006056C1 /* Products */;
			projectDirPath = "";
			projectRoot = "";
			targets = (
				8BA60FAE2ADADDBE006056C1 /* XCAWAStickerMaker */,
			);
		};
/* End PBXProject section */

/* Begin PBXResourcesBuildPhase section */
		8BA60FAD2ADADDBE006056C1 /* Resources */ = {
			isa = PBXResourcesBuildPhase;
			buildActionMask = 2147483647;
			files = (
				8BA60FBA2ADADDBF006056C1 /* Preview Assets.xcassets in Resources */,
				8BA60FB72ADADDBF006056C1 /* Assets.xcassets in Resources */,
			);
			runOnlyForDeploymentPostprocessing = 0;
		};
/* End PBXResourcesBuildPhase section */

/* Begin PBXSourcesBuildPhase section */
		8BA60FAB2ADADDBE006056C1 /* Sources */ = {
			isa = PBXSourcesBuildPhase;
			buildActionMask = 2147483647;
			files = (
				8BA60FCB2ADAE466006056C1 /* ImageVisionHelper.swift in Sources */,
				8BA60FC72ADADFBF006056C1 /* ImageContainerView.swift in Sources */,
				8BA60FC92ADAE26B006056C1 /* ImagePicker.swift in Sources */,
				8BA60FD92ADAF57C006056C1 /* UIImage+Extension.swift in Sources */,
				8BA60FB52ADADDBE006056C1 /* ContentView.swift in Sources */,
				8BA60FCD2ADAEACB006056C1 /* ViewModel.swift in Sources */,
				8BA60FB32ADADDBE006056C1 /* XCAWAStickerMakerApp.swift in Sources */,
				8BA60FCF2ADAEBEC006056C1 /* Models.swift in Sources */,
			);
			runOnlyForDeploymentPostprocessing = 0;
		};
/* End PBXSourcesBuildPhase section */

/* Begin XCBuildConfiguration section */
		8BA60FBB2ADADDBF006056C1 /* Debug */ = {
			isa = XCBuildConfiguration;
			buildSettings = {
				ALWAYS_SEARCH_USER_PATHS = NO;
				ASSETCATALOG_COMPILER_GENERATE_SWIFT_ASSET_SYMBOL_EXTENSIONS = YES;
				CLANG_ANALYZER_NONNULL = YES;
				CLANG_ANALYZER_NUMBER_OBJECT_CONVERSION = YES_AGGRESSIVE;
				CLANG_CXX_LANGUAGE_STANDARD = "gnu++20";
				CLANG_ENABLE_MODULES = YES;
				CLANG_ENABLE_OBJC_ARC = YES;
				CLANG_ENABLE_OBJC_WEAK = YES;
				CLANG_WARN_BLOCK_CAPTURE_AUTORELEASING = YES;
				CLANG_WARN_BOOL_CONVERSION = YES;
				CLANG_WARN_COMMA = YES;
				CLANG_WARN_CONSTANT_CONVERSION = YES;
				CLANG_WARN_DEPRECATED_OBJC_IMPLEMENTATIONS = YES;
				CLANG_WARN_DIRECT_OBJC_ISA_USAGE = YES_ERROR;
				CLANG_WARN_DOCUMENTATION_COMMENTS = YES;
				CLANG_WARN_EMPTY_BODY = YES;
				CLANG_WARN_ENUM_CONVERSION = YES;
				CLANG_WARN_INFINITE_RECURSION = YES;
				CLANG_WARN_INT_CONVERSION = YES;
				CLANG_WARN_NON_LITERAL_NULL_CONVERSION = YES;
				CLANG_WARN_OBJC_IMPLICIT_RETAIN_SELF = YES;
				CLANG_WARN_OBJC_LITERAL_CONVERSION = YES;
				CLANG_WARN_OBJC_ROOT_CLASS = YES_ERROR;
				CLANG_WARN_QUOTED_INCLUDE_IN_FRAMEWORK_HEADER = YES;
				CLANG_WARN_RANGE_LOOP_ANALYSIS = YES;
				CLANG_WARN_STRICT_PROTOTYPES = YES;
				CLANG_WARN_SUSPICIOUS_MOVE = YES;
				CLANG_WARN_UNGUARDED_AVAILABILITY = YES_AGGRESSIVE;
				CLANG_WARN_UNREACHABLE_CODE = YES;
				CLANG_WARN__DUPLICATE_METHOD_MATCH = YES;
				COPY_PHASE_STRIP = NO;
				DEBUG_INFORMATION_FORMAT = dwarf;
				ENABLE_STRICT_OBJC_MSGSEND = YES;
				ENABLE_TESTABILITY = YES;
				ENABLE_USER_SCRIPT_SANDBOXING = YES;
				GCC_C_LANGUAGE_STANDARD = gnu17;
				GCC_DYNAMIC_NO_PIC = NO;
				GCC_NO_COMMON_BLOCKS = YES;
				GCC_OPTIMIZATION_LEVEL = 0;
				GCC_PREPROCESSOR_DEFINITIONS = (
					"DEBUG=1",
					"$(inherited)",
				);
				GCC_WARN_64_TO_32_BIT_CONVERSION = YES;
				GCC_WARN_ABOUT_RETURN_TYPE = YES_ERROR;
				GCC_WARN_UNDECLARED_SELECTOR = YES;
				GCC_WARN_UNINITIALIZED_AUTOS = YES_AGGRESSIVE;
				GCC_WARN_UNUSED_FUNCTION = YES;
				GCC_WARN_UNUSED_VARIABLE = YES;
				IPHONEOS_DEPLOYMENT_TARGET = 17.0;
				LOCALIZATION_PREFERS_STRING_CATALOGS = YES;
				MTL_ENABLE_DEBUG_INFO = INCLUDE_SOURCE;
				MTL_FAST_MATH = YES;
				ONLY_ACTIVE_ARCH = YES;
				SDKROOT = iphoneos;
				SWIFT_ACTIVE_COMPILATION_CONDITIONS = "DEBUG $(inherited)";
				SWIFT_OPTIMIZATION_LEVEL = "-Onone";
			};
			name = Debug;
		};
		8BA60FBC2ADADDBF006056C1 /* Release */ = {
			isa = XCBuildConfiguration;
			buildSettings = {
				ALWAYS_SEARCH_USER_PATHS = NO;
				ASSETCATALOG_COMPILER_GENERATE_SWIFT_ASSET_SYMBOL_EXTENSIONS = YES;
				CLANG_ANALYZER_NONNULL = YES;
				CLANG_ANALYZER_NUMBER_OBJECT_CONVERSION = YES_AGGRESSIVE;
				CLANG_CXX_LANGUAGE_STANDARD = "gnu++20";
				CLANG_ENABLE_MODULES = YES;
				CLANG_ENABLE_OBJC_ARC = YES;
				CLANG_ENABLE_OBJC_WEAK = YES;
				CLANG_WARN_BLOCK_CAPTURE_AUTORELEASING = YES;
				CLANG_WARN_BOOL_CONVERSION = YES;
				CLANG_WARN_COMMA = YES;
				CLANG_WARN_CONSTANT_CONVERSION = YES;
				CLANG_WARN_DEPRECATED_OBJC_IMPLEMENTATIONS = YES;
				CLANG_WARN_DIRECT_OBJC_ISA_USAGE = YES_ERROR;
				CLANG_WARN_DOCUMENTATION_COMMENTS = YES;
				CLANG_WARN_EMPTY_BODY = YES;
				CLANG_WARN_ENUM_CONVERSION = YES;
				CLANG_WARN_INFINITE_RECURSION = YES;
				CLANG_WARN_INT_CONVERSION = YES;
				CLANG_WARN_NON_LITERAL_NULL_CONVERSION = YES;
				CLANG_WARN_OBJC_IMPLICIT_RETAIN_SELF = YES;
				CLANG_WARN_OBJC_LITERAL_CONVERSION = YES;
				CLANG_WARN_OBJC_ROOT_CLASS = YES_ERROR;
				CLANG_WARN_QUOTED_INCLUDE_IN_FRAMEWORK_HEADER = YES;
				CLANG_WARN_RANGE_LOOP_ANALYSIS = YES;
				CLANG_WARN_STRICT_PROTOTYPES = YES;
				CLANG_WARN_SUSPICIOUS_MOVE = YES;
				CLANG_WARN_UNGUARDED_AVAILABILITY = YES_AGGRESSIVE;
				CLANG_WARN_UNREACHABLE_CODE = YES;
				CLANG_WARN__DUPLICATE_METHOD_MATCH = YES;
				COPY_PHASE_STRIP = NO;
				DEBUG_INFORMATION_FORMAT = "dwarf-with-dsym";
				ENABLE_NS_ASSERTIONS = NO;
				ENABLE_STRICT_OBJC_MSGSEND = YES;
				ENABLE_USER_SCRIPT_SANDBOXING = YES;
				GCC_C_LANGUAGE_STANDARD = gnu17;
				GCC_NO_COMMON_BLOCKS = YES;
				GCC_WARN_64_TO_32_BIT_CONVERSION = YES;
				GCC_WARN_ABOUT_RETURN_TYPE = YES_ERROR;
				GCC_WARN_UNDECLARED_SELECTOR = YES;
				GCC_WARN_UNINITIALIZED_AUTOS = YES_AGGRESSIVE;
				GCC_WARN_UNUSED_FUNCTION = YES;
				GCC_WARN_UNUSED_VARIABLE = YES;
				IPHONEOS_DEPLOYMENT_TARGET = 17.0;
				LOCALIZATION_PREFERS_STRING_CATALOGS = YES;
				MTL_ENABLE_DEBUG_INFO = NO;
				MTL_FAST_MATH = YES;
				SDKROOT = iphoneos;
				SWIFT_COMPILATION_MODE = wholemodule;
				VALIDATE_PRODUCT = YES;
			};
			name = Release;
		};
		8BA60FBE2ADADDBF006056C1 /* Debug */ = {
			isa = XCBuildConfiguration;
			buildSettings = {
				ASSETCATALOG_COMPILER_APPICON_NAME = AppIcon;
				ASSETCATALOG_COMPILER_GLOBAL_ACCENT_COLOR_NAME = AccentColor;
				CODE_SIGN_ENTITLEMENTS = XCAWAStickerMaker/XCAWAStickerMaker.entitlements;
				CODE_SIGN_STYLE = Automatic;
				CURRENT_PROJECT_VERSION = 1;
				DEVELOPMENT_ASSET_PATHS = "\"XCAWAStickerMaker/Preview Content\"";
				DEVELOPMENT_TEAM = 5C2XD9H2JS;
				ENABLE_PREVIEWS = YES;
				GENERATE_INFOPLIST_FILE = YES;
				INFOPLIST_FILE = XCAWAStickerMaker/Info.plist;
				INFOPLIST_KEY_NSPhotoLibraryAddUsageDescription = "Select photo to convert to sticker";
				INFOPLIST_KEY_UIApplicationSceneManifest_Generation = YES;
				INFOPLIST_KEY_UIApplicationSupportsIndirectInputEvents = YES;
				INFOPLIST_KEY_UILaunchScreen_Generation = YES;
				INFOPLIST_KEY_UISupportedInterfaceOrientations = UIInterfaceOrientationPortrait;
				INFOPLIST_KEY_UISupportedInterfaceOrientations_iPad = "UIInterfaceOrientationLandscapeLeft UIInterfaceOrientationLandscapeRight UIInterfaceOrientationPortrait UIInterfaceOrientationPortraitUpsideDown";
				LD_RUNPATH_SEARCH_PATHS = (
					"$(inherited)",
					"@executable_path/Frameworks",
				);
				MARKETING_VERSION = 1.0;
				PRODUCT_BUNDLE_IDENTIFIER = com.alfianlosari.XCAWAStickerMaker;
				PRODUCT_NAME = "$(TARGET_NAME)";
				SUPPORTED_PLATFORMS = "iphoneos iphonesimulator";
				SUPPORTS_MACCATALYST = YES;
				SWIFT_EMIT_LOC_STRINGS = YES;
				SWIFT_VERSION = 5.0;
				TARGETED_DEVICE_FAMILY = "1,2";
			};
			name = Debug;
		};
		8BA60FBF2ADADDBF006056C1 /* Release */ = {
			isa = XCBuildConfiguration;
			buildSettings = {
				ASSETCATALOG_COMPILER_APPICON_NAME = AppIcon;
				ASSETCATALOG_COMPILER_GLOBAL_ACCENT_COLOR_NAME = AccentColor;
				CODE_SIGN_ENTITLEMENTS = XCAWAStickerMaker/XCAWAStickerMaker.entitlements;
				CODE_SIGN_STYLE = Automatic;
				CURRENT_PROJECT_VERSION = 1;
				DEVELOPMENT_ASSET_PATHS = "\"XCAWAStickerMaker/Preview Content\"";
				DEVELOPMENT_TEAM = 5C2XD9H2JS;
				ENABLE_PREVIEWS = YES;
				GENERATE_INFOPLIST_FILE = YES;
				INFOPLIST_FILE = XCAWAStickerMaker/Info.plist;
				INFOPLIST_KEY_NSPhotoLibraryAddUsageDescription = "Select photo to convert to sticker";
				INFOPLIST_KEY_UIApplicationSceneManifest_Generation = YES;
				INFOPLIST_KEY_UIApplicationSupportsIndirectInputEvents = YES;
				INFOPLIST_KEY_UILaunchScreen_Generation = YES;
				INFOPLIST_KEY_UISupportedInterfaceOrientations = UIInterfaceOrientationPortrait;
				INFOPLIST_KEY_UISupportedInterfaceOrientations_iPad = "UIInterfaceOrientationLandscapeLeft UIInterfaceOrientationLandscapeRight UIInterfaceOrientationPortrait UIInterfaceOrientationPortraitUpsideDown";
				LD_RUNPATH_SEARCH_PATHS = (
					"$(inherited)",
					"@executable_path/Frameworks",
				);
				MARKETING_VERSION = 1.0;
				PRODUCT_BUNDLE_IDENTIFIER = com.alfianlosari.XCAWAStickerMaker;
				PRODUCT_NAME = "$(TARGET_NAME)";
				SUPPORTED_PLATFORMS = "iphoneos iphonesimulator";
				SUPPORTS_MACCATALYST = YES;
				SWIFT_EMIT_LOC_STRINGS = YES;
				SWIFT_VERSION = 5.0;
				TARGETED_DEVICE_FAMILY = "1,2";
			};
			name = Release;
		};
/* End XCBuildConfiguration section */

/* Begin XCConfigurationList section */
		8BA60FAA2ADADDBE006056C1 /* Build configuration list for PBXProject "XCAWAStickerMaker" */ = {
			isa = XCConfigurationList;
			buildConfigurations = (
				8BA60FBB2ADADDBF006056C1 /* Debug */,
				8BA60FBC2ADADDBF006056C1 /* Release */,
			);
			defaultConfigurationIsVisible = 0;
			defaultConfigurationName = Release;
		};
		8BA60FBD2ADADDBF006056C1 /* Build configuration list for PBXNativeTarget "XCAWAStickerMaker" */ = {
			isa = XCConfigurationList;
			buildConfigurations = (
				8BA60FBE2ADADDBF006056C1 /* Debug */,
				8BA60FBF2ADADDBF006056C1 /* Release */,
			);
			defaultConfigurationIsVisible = 0;
			defaultConfigurationName = Release;
		};
/* End XCConfigurationList section */

/* Begin XCRemoteSwiftPackageReference section */
		8BA60FD32ADAF2A4006056C1 /* XCRemoteSwiftPackageReference "SwiftWebP" */ = {
			isa = XCRemoteSwiftPackageReference;
			repositoryURL = "https://github.com/alfianlosari/SwiftWebP";
			requirement = {
				kind = upToNextMajorVersion;
				minimumVersion = 0.1.0;
			};
		};
		8BB210862AFBE9330096484F /* XCRemoteSwiftPackageReference "XCAOpenAIClient" */ = {
			isa = XCRemoteSwiftPackageReference;
			repositoryURL = "https://github.com/alfianlosari/XCAOpenAIClient";
			requirement = {
				branch = main;
				kind = branch;
			};
		};
/* End XCRemoteSwiftPackageReference section */

/* Begin XCSwiftPackageProductDependency section */
		8BA60FD42ADAF2A4006056C1 /* SwiftWebP */ = {
			isa = XCSwiftPackageProductDependency;
			package = 8BA60FD32ADAF2A4006056C1 /* XCRemoteSwiftPackageReference "SwiftWebP" */;
			productName = SwiftWebP;
		};
		8BA60FD62ADAF2A4006056C1 /* YYImageLib */ = {
			isa = XCSwiftPackageProductDependency;
			package = 8BA60FD32ADAF2A4006056C1 /* XCRemoteSwiftPackageReference "SwiftWebP" */;
			productName = YYImageLib;
		};
		8BB210872AFBE9330096484F /* XCAOpenAIClient */ = {
			isa = XCSwiftPackageProductDependency;
			package = 8BB210862AFBE9330096484F /* XCRemoteSwiftPackageReference "XCAOpenAIClient" */;
			productName = XCAOpenAIClient;
		};
/* End XCSwiftPackageProductDependency section */
	};
	rootObject = 8BA60FA72ADADDBE006056C1 /* Project object */;
}
